{
  "name": "@mionjs/test-publish",
  "version": "0.8.0-alpha.0",
  "lockfileVersion": 3,
  "requires": true,
  "packages": {
    "": {
      "name": "@mionjs/test-publish",
      "version": "0.8.0-alpha.0",
      "license": "MIT",
      "dependencies": {
        "@mionjs/client": "file:../packages/client",
        "@mionjs/core": "file:../packages/core",
        "@mionjs/platform-aws": "file:../packages/platform-aws",
        "@mionjs/platform-bun": "file:../packages/platform-bun",
        "@mionjs/platform-gcloud": "file:../packages/platform-gcloud",
        "@mionjs/platform-node": "file:../packages/platform-node",
        "@mionjs/router": "file:../packages/router",
        "@mionjs/run-types": "file:../packages/run-types",
        "@mionjs/test-server": "file:../packages/test-server",
        "@mionjs/type-formats": "file:../packages/type-formats"
      },
      "devDependencies": {
        "@mionjs/devtools": "file:../packages/devtools",
        "dom-storage": "^2.1.0"
      }
    },
    "../packages/client": {
      "name": "@mionjs/client",
      "version": "0.8.1-alpha.0",
      "license": "MIT",
      "dependencies": {
        "@mionjs/core": "^0.8.1-alpha.0"
      },
      "devDependencies": {
        "@mionjs/platform-node": "^0.8.1-alpha.0",
        "@mionjs/router": "^0.8.1-alpha.0",
        "@mionjs/run-types": "^0.8.1-alpha.0",
        "@mionjs/test-server": "^0.8.1-alpha.0",
        "jest-environment-jsdom": "^29.6.2"
      }
    },
    "../packages/core": {
      "name": "@mionjs/core",
      "version": "0.8.1-alpha.0",
      "license": "MIT"
    },
    "../packages/devtools": {
      "name": "@mionjs/devtools",
      "version": "0.8.1-alpha.0",
      "dev": true,
      "license": "MIT",
      "dependencies": {
        "@deepkit/type-compiler": "1.0.19",
        "@rollup/pluginutils": "^5.1.0",
        "@typescript-eslint/utils": "^8.17.0",
        "vite-node": "^5.3.0",
        "vite-plugin-dts": "^4.5.4"
      },
      "devDependencies": {
        "@typescript-eslint/rule-tester": "^8.17.0"
      },
      "peerDependencies": {
        "typescript": ">=5.0.0",
        "vite": ">=6.0.0"
      },
      "peerDependenciesMeta": {
        "typescript": {
          "optional": false
        },
        "vite": {
          "optional": true
        }
      }
    },
    "../packages/platform-aws": {
      "name": "@mionjs/platform-aws",
      "version": "0.8.1-alpha.0",
      "license": "MIT",
      "dependencies": {
        "@mionjs/core": "^0.8.1-alpha.0",
        "@mionjs/router": "^0.8.1-alpha.0"
      },
      "devDependencies": {
        "@serverless/event-mocks": "^1.1.1"
      }
    },
    "../packages/platform-bun": {
      "name": "@mionjs/platform-bun",
      "version": "0.8.1-alpha.0",
      "license": "MIT",
      "dependencies": {
        "@mionjs/core": "^0.8.1-alpha.0",
        "@mionjs/router": "^0.8.1-alpha.0"
      },
      "devDependencies": {
        "@deepkit/core": "1.0.19",
        "@deepkit/type-compiler": "1.0.19",
        "bun-types": "latest"
      },
      "engines": {
        "bun": ">=1.0.1"
      }
    },
    "../packages/platform-gcloud": {
      "name": "@mionjs/platform-gcloud",
      "version": "0.8.1-alpha.0",
      "license": "MIT",
      "dependencies": {
        "@google-cloud/functions-framework": "^3.3.0",
        "@mionjs/core": "^0.8.1-alpha.0",
        "@mionjs/router": "^0.8.1-alpha.0"
      },
      "devDependencies": {
        "@types/express": "^4.17.20"
      }
    },
    "../packages/platform-node": {
      "name": "@mionjs/platform-node",
      "version": "0.8.1-alpha.0",
      "license": "MIT",
      "dependencies": {
        "@mionjs/core": "^0.8.1-alpha.0",
        "@mionjs/router": "^0.8.1-alpha.0"
      }
    },
    "../packages/router": {
      "name": "@mionjs/router",
      "version": "0.8.1-alpha.0",
      "license": "MIT",
      "dependencies": {
        "@mionjs/core": "^0.8.1-alpha.0",
        "@mionjs/run-types": "^0.8.1-alpha.0"
      }
    },
    "../packages/run-types": {
      "name": "@mionjs/run-types",
      "version": "0.8.1-alpha.0",
      "license": "MIT",
      "dependencies": {
        "@deepkit/core": "1.0.19",
        "@deepkit/type": "1.0.19",
        "@mionjs/core": "^0.8.1-alpha.0"
      }
    },
    "../packages/test-server": {
      "name": "@mionjs/test-server",
      "version": "0.8.1-alpha.0",
      "license": "MIT",
      "dependencies": {
        "@mionjs/core": "^0.8.1-alpha.0",
        "@mionjs/platform-cloudflare": "^0.8.1-alpha.0",
        "@mionjs/platform-node": "^0.8.1-alpha.0",
        "@mionjs/platform-vercel": "^0.8.1-alpha.0",
        "@mionjs/router": "^0.8.1-alpha.0",
        "@mionjs/type-formats": "^0.8.1-alpha.0"
      }
    },
    "../packages/type-formats": {
      "name": "@mionjs/type-formats",
      "version": "0.8.1-alpha.0",
      "license": "MIT",
      "dependencies": {
        "@mionjs/core": "^0.8.1-alpha.0",
        "@mionjs/run-types": "^0.8.1-alpha.0"
      }
    },
    "node_modules/@mionjs/client": {
      "resolved": "../packages/client",
      "link": true
    },
    "node_modules/@mionjs/core": {
      "resolved": "../packages/core",
      "link": true
    },
    "node_modules/@mionjs/devtools": {
      "resolved": "../packages/devtools",
      "link": true
    },
    "node_modules/@mionjs/platform-aws": {
      "resolved": "../packages/platform-aws",
      "link": true
    },
    "node_modules/@mionjs/platform-bun": {
      "resolved": "../packages/platform-bun",
      "link": true
    },
    "node_modules/@mionjs/platform-gcloud": {
      "resolved": "../packages/platform-gcloud",
      "link": true
    },
    "node_modules/@mionjs/platform-node": {
      "resolved": "../packages/platform-node",
      "link": true
    },
    "node_modules/@mionjs/router": {
      "resolved": "../packages/router",
      "link": true
    },
    "node_modules/@mionjs/run-types": {
      "resolved": "../packages/run-types",
      "link": true
    },
    "node_modules/@mionjs/test-server": {
      "resolved": "../packages/test-server",
      "link": true
    },
    "node_modules/@mionjs/type-formats": {
      "resolved": "../packages/type-formats",
      "link": true
    },
    "node_modules/dom-storage": {
      "version": "2.1.0",
      "resolved": "https://registry.npmjs.org/dom-storage/-/dom-storage-2.1.0.tgz",
      "integrity": "sha512-g6RpyWXzl0RR6OTElHKBl7nwnK87GUyZMYC7JWsB/IA73vpqK2K6LT39x4VepLxlSsWBFrPVLnsSR5Jyty0+2Q==",
      "dev": true,
      "license": "(MIT or Apache-2.0)",
      "engines": {
        "node": "*"
      }
    }
  }
}
