{
	"name": "cli",
	"version": "0.0.0",
	"lockfileVersion": 2,
	"requires": true,
	"packages": {
		"": {
			"name": "cli",
			"version": "0.0.0",
			"license": "MIT",
			"dependencies": {
				"commander": "^8.3.0"
			}
		},
		"node_modules/commander": {
			"version": "8.3.0",
			"resolved": "https://registry.npmjs.org/commander/-/commander-8.3.0.tgz",
			"integrity": "sha512-OkTL9umf+He2DZkUq8f8J9of7yL6RJKI24dVITBmNfZBmri9zYZQrKkuXiKhyfPSu8tUhnVBB1iKXevvnlR4Ww==",
			"engines": {
				"node": ">= 12"
			}
		}
	},
	"dependencies": {
		"commander": {
			"version": "8.3.0",
			"resolved": "https://registry.npmjs.org/commander/-/commander-8.3.0.tgz",
			"integrity": "sha512-OkTL9umf+He2DZkUq8f8J9of7yL6RJKI24dVITBmNfZBmri9zYZQrKkuXiKhyfPSu8tUhnVBB1iKXevvnlR4Ww=="
		}
	}
}
